
Microsoft Visual Studio Solution File, Format Version 12.00
# Visual Studio Version 16
VisualStudioVersion = 16.0.30907.101
MinimumVisualStudioVersion = 10.0.40219.1
Project("{FAE04EC0-301F-11D3-BF4B-00C04F79EFBC}") = "View", "View\View.csproj", "{9B091164-D276-44BE-B2D7-5784B093A8DA}"
EndProject
Project("{FAE04EC0-301F-11D3-BF4B-00C04F79EFBC}") = "Model", "Model\Model.csproj", "{8F959C30-2E3C-44E0-A6FB-4458CEF2CD81}"
EndProject
Project("{FAE04EC0-301F-11D3-BF4B-00C04F79EFBC}") = "MyConsole", "MyConsole\MyConsole.csproj", "{CA77EBD4-2204-492D-A3BA-16A7EACAF370}"
EndProject
Global
	GlobalSection(SolutionConfigurationPlatforms) = preSolution
		Debug|Any CPU = Debug|Any CPU
		Release|Any CPU = Release|Any CPU
	EndGlobalSection
	GlobalSection(ProjectConfigurationPlatforms) = postSolution
		{9B091164-D276-44BE-B2D7-5784B093A8DA}.Debug|Any CPU.ActiveCfg = Debug|Any CPU
		{9B091164-D276-44BE-B2D7-5784B093A8DA}.Debug|Any CPU.Build.0 = Debug|Any CPU
		{9B091164-D276-44BE-B2D7-5784B093A8DA}.Release|Any CPU.ActiveCfg = Release|Any CPU
		{9B091164-D276-44BE-B2D7-5784B093A8DA}.Release|Any CPU.Build.0 = Release|Any CPU
		{8F959C30-2E3C-44E0-A6FB-4458CEF2CD81}.Debug|Any CPU.ActiveCfg = Debug|Any CPU
		{8F959C30-2E3C-44E0-A6FB-4458CEF2CD81}.Debug|Any CPU.Build.0 = Debug|Any CPU
		{8F959C30-2E3C-44E0-A6FB-4458CEF2CD81}.Release|Any CPU.ActiveCfg = Release|Any CPU
		{8F959C30-2E3C-44E0-A6FB-4458CEF2CD81}.Release|Any CPU.Build.0 = Release|Any CPU
		{CA77EBD4-2204-492D-A3BA-16A7EACAF370}.Debug|Any CPU.ActiveCfg = Debug|Any CPU
		{CA77EBD4-2204-492D-A3BA-16A7EACAF370}.Debug|Any CPU.Build.0 = Debug|Any CPU
		{CA77EBD4-2204-492D-A3BA-16A7EACAF370}.Release|Any CPU.ActiveCfg = Release|Any CPU
		{CA77EBD4-2204-492D-A3BA-16A7EACAF370}.Release|Any CPU.Build.0 = Release|Any CPU
	EndGlobalSection
	GlobalSection(SolutionProperties) = preSolution
		HideSolutionNode = FALSE
	EndGlobalSection
	GlobalSection(ExtensibilityGlobals) = postSolution
		SolutionGuid = {90B740F2-5189-47FA-9517-FD7AF57D5A1E}
	EndGlobalSection
EndGlobal
